
Microsoft Visual Studio Solution File, Format Version 12.00
# Visual Studio Version 16
VisualStudioVersion = 16.0.32602.291
MinimumVisualStudioVersion = 10.0.40219.1
Project("{9A19103F-16F7-4668-BE54-9A1E7A4F7556}") = "01-Thread-Basic", "01-Thread-Basic\01-Thread-Basic.csproj", "{D49916C8-9AC4-4E90-83F4-49F14FB8530E}"
EndProject
Project("{9A19103F-16F7-4668-BE54-9A1E7A4F7556}") = "02-Task-Basic", "02-Task-Basic\02-Task-Basic.csproj", "{747F9401-7739-486E-B1CB-DA797424F0AE}"
EndProject
Project("{9A19103F-16F7-4668-BE54-9A1E7A4F7556}") = "03-WPF-Thread", "03-WPF-Thread\03-WPF-Thread.csproj", "{6191C21D-FABE-41DB-A579-112AD6A3E3C6}"
EndProject
Project("{9A19103F-16F7-4668-BE54-9A1E7A4F7556}") = "04-MEF-Opt1", "04-MEF-Opt1\04-MEF-Opt1.csproj", "{E572C949-3E6C-4270-8B46-734BA0EA9C01}"
EndProject
Project("{9A19103F-16F7-4668-BE54-9A1E7A4F7556}") = "04-MEF-Opt2", "04-MEF-Opt2\04-MEF-Opt2.csproj", "{AD931CF5-F5D1-4443-9BFE-AB9961A2E917}"
EndProject
Project("{9A19103F-16F7-4668-BE54-9A1E7A4F7556}") = "04-MEF-SampleConsumer", "04-MEF-SampleConsumer\04-MEF-SampleConsumer.csproj", "{F4C84F7D-9A50-4C66-A0F5-604FBC7FC3FA}"
EndProject
Project("{9A19103F-16F7-4668-BE54-9A1E7A4F7556}") = "05-PartialClass", "05-PartialClass\05-PartialClass.csproj", "{A280855F-DB9E-4799-9729-0B472E9CFDB4}"
EndProject
Project("{9A19103F-16F7-4668-BE54-9A1E7A4F7556}") = "06-Dictionary", "06-Dictionary\06-Dictionary.csproj", "{5B175CDC-6257-4362-94E4-822A178F8B39}"
EndProject
Project("{9A19103F-16F7-4668-BE54-9A1E7A4F7556}") = "04-MEF-IOpt", "04-MEF-IOpt\04-MEF-IOpt.csproj", "{D48F46F0-E2AB-4965-B83C-14DC0CB4A505}"
EndProject
Project("{8BC9CEB8-8B4A-11D0-8D11-00A0C91BC942}") = "07-UnitTest-14-App2", "07-UnitTest-14-App2\07-UnitTest-App2.vcxproj", "{B80694B8-61D6-47B3-A8C7-FD4B42B33366}"
EndProject
Project("{8BC9CEB8-8B4A-11D0-8D11-00A0C91BC942}") = "07-UnitTest-15-GoogleTest", "07-UnitTest-15-GoogleTest\07-UnitTest-GoogleTest.vcxproj", "{C2E2CB0D-D5C0-4551-B22A-2E1C1052CEEE}"
EndProject
Project("{8BC9CEB8-8B4A-11D0-8D11-00A0C91BC942}") = "07-UnitTest-13-Lib2", "07-UnitTest-13-Lib2\07-UnitTest-Lib2.vcxproj", "{173CCB63-D6C9-43B2-A9AA-277DF340306E}"
EndProject
Project("{9A19103F-16F7-4668-BE54-9A1E7A4F7556}") = "07-UnitTest-11-App", "07-UnitTest-11-App\07-UnitTest-11-App.csproj", "{8E09477A-7D08-467C-8279-B0BE0D2CEEA2}"
EndProject
Project("{9A19103F-16F7-4668-BE54-9A1E7A4F7556}") = "07-UnitTest-12-MSTest", "07-UnitTest-12-MSTest\07-UnitTest-12-MSTest.csproj", "{6EDC96C3-94D2-4B05-BE7B-08D21FAA8377}"
EndProject
Project("{8BC9CEB8-8B4A-11D0-8D11-00A0C91BC942}") = "08-CodeSnippets-Cpp", "08-CodeSnippets-Cpp\08-CodeSnippets-Cpp.vcxproj", "{0E0B118E-1815-4CC5-852C-9826199A778F}"
EndProject
Project("{9A19103F-16F7-4668-BE54-9A1E7A4F7556}") = "09-Lib-CSClass", "09-Lib-CSClass\09-Lib-CSClass.csproj", "{22A645A2-E0E9-48FD-8C77-4C6FEAC36BDB}"
EndProject
Project("{FAE04EC0-301F-11D3-BF4B-00C04F79EFBC}") = "09-UseApp", "09-UseApp\09-UseApp.csproj", "{9316944A-C9DD-4C43-8A14-009F45B488D8}"
EndProject
Project("{FAE04EC0-301F-11D3-BF4B-00C04F79EFBC}") = "09-Lib-CSNetFw", "09-Lib-CSNetFw\09-Lib-CSNetFw.csproj", "{E557E93B-A991-4F81-A6F3-00E39E2DDA3A}"
EndProject
Project("{9A19103F-16F7-4668-BE54-9A1E7A4F7556}") = "09-Lib-CSWPF", "09-Lib-CSWPF\09-Lib-CSWPF.csproj", "{6F8D4340-035E-43EA-A624-91E0752EC451}"
EndProject
Project("{9A19103F-16F7-4668-BE54-9A1E7A4F7556}") = "09-UseApp-WPF", "09-UseApp-WPF\09-UseApp-WPF.csproj", "{18057536-C0AF-4169-9E7C-0A4CCDD220BA}"
EndProject
Project("{FAE04EC0-301F-11D3-BF4B-00C04F79EFBC}") = "10-GetterSetter", "10-GetterSetter\10-GetterSetter.csproj", "{17391CE9-A8D2-429F-B6F0-0383B242FC98}"
EndProject
Global
	GlobalSection(SolutionConfigurationPlatforms) = preSolution
		Debug|Any CPU = Debug|Any CPU
		Debug|x64 = Debug|x64
		Debug|x86 = Debug|x86
		Release|Any CPU = Release|Any CPU
		Release|x64 = Release|x64
		Release|x86 = Release|x86
	EndGlobalSection
	GlobalSection(ProjectConfigurationPlatforms) = postSolution
		{D49916C8-9AC4-4E90-83F4-49F14FB8530E}.Debug|Any CPU.ActiveCfg = Debug|Any CPU
		{D49916C8-9AC4-4E90-83F4-49F14FB8530E}.Debug|Any CPU.Build.0 = Debug|Any CPU
		{D49916C8-9AC4-4E90-83F4-49F14FB8530E}.Debug|x64.ActiveCfg = Debug|Any CPU
		{D49916C8-9AC4-4E90-83F4-49F14FB8530E}.Debug|x64.Build.0 = Debug|Any CPU
		{D49916C8-9AC4-4E90-83F4-49F14FB8530E}.Debug|x86.ActiveCfg = Debug|Any CPU
		{D49916C8-9AC4-4E90-83F4-49F14FB8530E}.Debug|x86.Build.0 = Debug|Any CPU
		{D49916C8-9AC4-4E90-83F4-49F14FB8530E}.Release|Any CPU.ActiveCfg = Release|Any CPU
		{D49916C8-9AC4-4E90-83F4-49F14FB8530E}.Release|Any CPU.Build.0 = Release|Any CPU
		{D49916C8-9AC4-4E90-83F4-49F14FB8530E}.Release|x64.ActiveCfg = Release|Any CPU
		{D49916C8-9AC4-4E90-83F4-49F14FB8530E}.Release|x64.Build.0 = Release|Any CPU
		{D49916C8-9AC4-4E90-83F4-49F14FB8530E}.Release|x86.ActiveCfg = Release|Any CPU
		{D49916C8-9AC4-4E90-83F4-49F14FB8530E}.Release|x86.Build.0 = Release|Any CPU
		{747F9401-7739-486E-B1CB-DA797424F0AE}.Debug|Any CPU.ActiveCfg = Debug|Any CPU
		{747F9401-7739-486E-B1CB-DA797424F0AE}.Debug|Any CPU.Build.0 = Debug|Any CPU
		{747F9401-7739-486E-B1CB-DA797424F0AE}.Debug|x64.ActiveCfg = Debug|Any CPU
		{747F9401-7739-486E-B1CB-DA797424F0AE}.Debug|x64.Build.0 = Debug|Any CPU
		{747F9401-7739-486E-B1CB-DA797424F0AE}.Debug|x86.ActiveCfg = Debug|Any CPU
		{747F9401-7739-486E-B1CB-DA797424F0AE}.Debug|x86.Build.0 = Debug|Any CPU
		{747F9401-7739-486E-B1CB-DA797424F0AE}.Release|Any CPU.ActiveCfg = Release|Any CPU
		{747F9401-7739-486E-B1CB-DA797424F0AE}.Release|Any CPU.Build.0 = Release|Any CPU
		{747F9401-7739-486E-B1CB-DA797424F0AE}.Release|x64.ActiveCfg = Release|Any CPU
		{747F9401-7739-486E-B1CB-DA797424F0AE}.Release|x64.Build.0 = Release|Any CPU
		{747F9401-7739-486E-B1CB-DA797424F0AE}.Release|x86.ActiveCfg = Release|Any CPU
		{747F9401-7739-486E-B1CB-DA797424F0AE}.Release|x86.Build.0 = Release|Any CPU
		{6191C21D-FABE-41DB-A579-112AD6A3E3C6}.Debug|Any CPU.ActiveCfg = Debug|Any CPU
		{6191C21D-FABE-41DB-A579-112AD6A3E3C6}.Debug|Any CPU.Build.0 = Debug|Any CPU
		{6191C21D-FABE-41DB-A579-112AD6A3E3C6}.Debug|x64.ActiveCfg = Debug|Any CPU
		{6191C21D-FABE-41DB-A579-112AD6A3E3C6}.Debug|x64.Build.0 = Debug|Any CPU
		{6191C21D-FABE-41DB-A579-112AD6A3E3C6}.Debug|x86.ActiveCfg = Debug|Any CPU
		{6191C21D-FABE-41DB-A579-112AD6A3E3C6}.Debug|x86.Build.0 = Debug|Any CPU
		{6191C21D-FABE-41DB-A579-112AD6A3E3C6}.Release|Any CPU.ActiveCfg = Release|Any CPU
		{6191C21D-FABE-41DB-A579-112AD6A3E3C6}.Release|Any CPU.Build.0 = Release|Any CPU
		{6191C21D-FABE-41DB-A579-112AD6A3E3C6}.Release|x64.ActiveCfg = Release|Any CPU
		{6191C21D-FABE-41DB-A579-112AD6A3E3C6}.Release|x64.Build.0 = Release|Any CPU
		{6191C21D-FABE-41DB-A579-112AD6A3E3C6}.Release|x86.ActiveCfg = Release|Any CPU
		{6191C21D-FABE-41DB-A579-112AD6A3E3C6}.Release|x86.Build.0 = Release|Any CPU
		{E572C949-3E6C-4270-8B46-734BA0EA9C01}.Debug|Any CPU.ActiveCfg = Debug|Any CPU
		{E572C949-3E6C-4270-8B46-734BA0EA9C01}.Debug|Any CPU.Build.0 = Debug|Any CPU
		{E572C949-3E6C-4270-8B46-734BA0EA9C01}.Debug|x64.ActiveCfg = Debug|Any CPU
		{E572C949-3E6C-4270-8B46-734BA0EA9C01}.Debug|x64.Build.0 = Debug|Any CPU
		{E572C949-3E6C-4270-8B46-734BA0EA9C01}.Debug|x86.ActiveCfg = Debug|Any CPU
		{E572C949-3E6C-4270-8B46-734BA0EA9C01}.Debug|x86.Build.0 = Debug|Any CPU
		{E572C949-3E6C-4270-8B46-734BA0EA9C01}.Release|Any CPU.ActiveCfg = Release|Any CPU
		{E572C949-3E6C-4270-8B46-734BA0EA9C01}.Release|Any CPU.Build.0 = Release|Any CPU
		{E572C949-3E6C-4270-8B46-734BA0EA9C01}.Release|x64.ActiveCfg = Release|Any CPU
		{E572C949-3E6C-4270-8B46-734BA0EA9C01}.Release|x64.Build.0 = Release|Any CPU
		{E572C949-3E6C-4270-8B46-734BA0EA9C01}.Release|x86.ActiveCfg = Release|Any CPU
		{E572C949-3E6C-4270-8B46-734BA0EA9C01}.Release|x86.Build.0 = Release|Any CPU
		{AD931CF5-F5D1-4443-9BFE-AB9961A2E917}.Debug|Any CPU.ActiveCfg = Debug|Any CPU
		{AD931CF5-F5D1-4443-9BFE-AB9961A2E917}.Debug|Any CPU.Build.0 = Debug|Any CPU
		{AD931CF5-F5D1-4443-9BFE-AB9961A2E917}.Debug|x64.ActiveCfg = Debug|Any CPU
		{AD931CF5-F5D1-4443-9BFE-AB9961A2E917}.Debug|x64.Build.0 = Debug|Any CPU
		{AD931CF5-F5D1-4443-9BFE-AB9961A2E917}.Debug|x86.ActiveCfg = Debug|Any CPU
		{AD931CF5-F5D1-4443-9BFE-AB9961A2E917}.Debug|x86.Build.0 = Debug|Any CPU
		{AD931CF5-F5D1-4443-9BFE-AB9961A2E917}.Release|Any CPU.ActiveCfg = Release|Any CPU
		{AD931CF5-F5D1-4443-9BFE-AB9961A2E917}.Release|Any CPU.Build.0 = Release|Any CPU
		{AD931CF5-F5D1-4443-9BFE-AB9961A2E917}.Release|x64.ActiveCfg = Release|Any CPU
		{AD931CF5-F5D1-4443-9BFE-AB9961A2E917}.Release|x64.Build.0 = Release|Any CPU
		{AD931CF5-F5D1-4443-9BFE-AB9961A2E917}.Release|x86.ActiveCfg = Release|Any CPU
		{AD931CF5-F5D1-4443-9BFE-AB9961A2E917}.Release|x86.Build.0 = Release|Any CPU
		{F4C84F7D-9A50-4C66-A0F5-604FBC7FC3FA}.Debug|Any CPU.ActiveCfg = Debug|Any CPU
		{F4C84F7D-9A50-4C66-A0F5-604FBC7FC3FA}.Debug|Any CPU.Build.0 = Debug|Any CPU
		{F4C84F7D-9A50-4C66-A0F5-604FBC7FC3FA}.Debug|x64.ActiveCfg = Debug|Any CPU
		{F4C84F7D-9A50-4C66-A0F5-604FBC7FC3FA}.Debug|x64.Build.0 = Debug|Any CPU
		{F4C84F7D-9A50-4C66-A0F5-604FBC7FC3FA}.Debug|x86.ActiveCfg = Debug|Any CPU
		{F4C84F7D-9A50-4C66-A0F5-604FBC7FC3FA}.Debug|x86.Build.0 = Debug|Any CPU
		{F4C84F7D-9A50-4C66-A0F5-604FBC7FC3FA}.Release|Any CPU.ActiveCfg = Release|Any CPU
		{F4C84F7D-9A50-4C66-A0F5-604FBC7FC3FA}.Release|Any CPU.Build.0 = Release|Any CPU
		{F4C84F7D-9A50-4C66-A0F5-604FBC7FC3FA}.Release|x64.ActiveCfg = Release|Any CPU
		{F4C84F7D-9A50-4C66-A0F5-604FBC7FC3FA}.Release|x64.Build.0 = Release|Any CPU
		{F4C84F7D-9A50-4C66-A0F5-604FBC7FC3FA}.Release|x86.ActiveCfg = Release|Any CPU
		{F4C84F7D-9A50-4C66-A0F5-604FBC7FC3FA}.Release|x86.Build.0 = Release|Any CPU
		{A280855F-DB9E-4799-9729-0B472E9CFDB4}.Debug|Any CPU.ActiveCfg = Debug|Any CPU
		{A280855F-DB9E-4799-9729-0B472E9CFDB4}.Debug|Any CPU.Build.0 = Debug|Any CPU
		{A280855F-DB9E-4799-9729-0B472E9CFDB4}.Debug|x64.ActiveCfg = Debug|Any CPU
		{A280855F-DB9E-4799-9729-0B472E9CFDB4}.Debug|x64.Build.0 = Debug|Any CPU
		{A280855F-DB9E-4799-9729-0B472E9CFDB4}.Debug|x86.ActiveCfg = Debug|Any CPU
		{A280855F-DB9E-4799-9729-0B472E9CFDB4}.Debug|x86.Build.0 = Debug|Any CPU
		{A280855F-DB9E-4799-9729-0B472E9CFDB4}.Release|Any CPU.ActiveCfg = Release|Any CPU
		{A280855F-DB9E-4799-9729-0B472E9CFDB4}.Release|Any CPU.Build.0 = Release|Any CPU
		{A280855F-DB9E-4799-9729-0B472E9CFDB4}.Release|x64.ActiveCfg = Release|Any CPU
		{A280855F-DB9E-4799-9729-0B472E9CFDB4}.Release|x64.Build.0 = Release|Any CPU
		{A280855F-DB9E-4799-9729-0B472E9CFDB4}.Release|x86.ActiveCfg = Release|Any CPU
		{A280855F-DB9E-4799-9729-0B472E9CFDB4}.Release|x86.Build.0 = Release|Any CPU
		{5B175CDC-6257-4362-94E4-822A178F8B39}.Debug|Any CPU.ActiveCfg = Debug|Any CPU
		{5B175CDC-6257-4362-94E4-822A178F8B39}.Debug|Any CPU.Build.0 = Debug|Any CPU
		{5B175CDC-6257-4362-94E4-822A178F8B39}.Debug|x64.ActiveCfg = Debug|Any CPU
		{5B175CDC-6257-4362-94E4-822A178F8B39}.Debug|x64.Build.0 = Debug|Any CPU
		{5B175CDC-6257-4362-94E4-822A178F8B39}.Debug|x86.ActiveCfg = Debug|Any CPU
		{5B175CDC-6257-4362-94E4-822A178F8B39}.Debug|x86.Build.0 = Debug|Any CPU
		{5B175CDC-6257-4362-94E4-822A178F8B39}.Release|Any CPU.ActiveCfg = Release|Any CPU
		{5B175CDC-6257-4362-94E4-822A178F8B39}.Release|Any CPU.Build.0 = Release|Any CPU
		{5B175CDC-6257-4362-94E4-822A178F8B39}.Release|x64.ActiveCfg = Release|Any CPU
		{5B175CDC-6257-4362-94E4-822A178F8B39}.Release|x64.Build.0 = Release|Any CPU
		{5B175CDC-6257-4362-94E4-822A178F8B39}.Release|x86.ActiveCfg = Release|Any CPU
		{5B175CDC-6257-4362-94E4-822A178F8B39}.Release|x86.Build.0 = Release|Any CPU
		{D48F46F0-E2AB-4965-B83C-14DC0CB4A505}.Debug|Any CPU.ActiveCfg = Debug|Any CPU
		{D48F46F0-E2AB-4965-B83C-14DC0CB4A505}.Debug|Any CPU.Build.0 = Debug|Any CPU
		{D48F46F0-E2AB-4965-B83C-14DC0CB4A505}.Debug|x64.ActiveCfg = Debug|Any CPU
		{D48F46F0-E2AB-4965-B83C-14DC0CB4A505}.Debug|x64.Build.0 = Debug|Any CPU
		{D48F46F0-E2AB-4965-B83C-14DC0CB4A505}.Debug|x86.ActiveCfg = Debug|Any CPU
		{D48F46F0-E2AB-4965-B83C-14DC0CB4A505}.Debug|x86.Build.0 = Debug|Any CPU
		{D48F46F0-E2AB-4965-B83C-14DC0CB4A505}.Release|Any CPU.ActiveCfg = Release|Any CPU
		{D48F46F0-E2AB-4965-B83C-14DC0CB4A505}.Release|Any CPU.Build.0 = Release|Any CPU
		{D48F46F0-E2AB-4965-B83C-14DC0CB4A505}.Release|x64.ActiveCfg = Release|Any CPU
		{D48F46F0-E2AB-4965-B83C-14DC0CB4A505}.Release|x64.Build.0 = Release|Any CPU
		{D48F46F0-E2AB-4965-B83C-14DC0CB4A505}.Release|x86.ActiveCfg = Release|Any CPU
		{D48F46F0-E2AB-4965-B83C-14DC0CB4A505}.Release|x86.Build.0 = Release|Any CPU
		{B80694B8-61D6-47B3-A8C7-FD4B42B33366}.Debug|Any CPU.ActiveCfg = Debug|Win32
		{B80694B8-61D6-47B3-A8C7-FD4B42B33366}.Debug|x64.ActiveCfg = Debug|x64
		{B80694B8-61D6-47B3-A8C7-FD4B42B33366}.Debug|x64.Build.0 = Debug|x64
		{B80694B8-61D6-47B3-A8C7-FD4B42B33366}.Debug|x86.ActiveCfg = Debug|Win32
		{B80694B8-61D6-47B3-A8C7-FD4B42B33366}.Debug|x86.Build.0 = Debug|Win32
		{B80694B8-61D6-47B3-A8C7-FD4B42B33366}.Release|Any CPU.ActiveCfg = Release|Win32
		{B80694B8-61D6-47B3-A8C7-FD4B42B33366}.Release|x64.ActiveCfg = Release|x64
		{B80694B8-61D6-47B3-A8C7-FD4B42B33366}.Release|x64.Build.0 = Release|x64
		{B80694B8-61D6-47B3-A8C7-FD4B42B33366}.Release|x86.ActiveCfg = Release|Win32
		{B80694B8-61D6-47B3-A8C7-FD4B42B33366}.Release|x86.Build.0 = Release|Win32
		{C2E2CB0D-D5C0-4551-B22A-2E1C1052CEEE}.Debug|Any CPU.ActiveCfg = Debug|Win32
		{C2E2CB0D-D5C0-4551-B22A-2E1C1052CEEE}.Debug|x64.ActiveCfg = Debug|x64
		{C2E2CB0D-D5C0-4551-B22A-2E1C1052CEEE}.Debug|x64.Build.0 = Debug|x64
		{C2E2CB0D-D5C0-4551-B22A-2E1C1052CEEE}.Debug|x86.ActiveCfg = Debug|Win32
		{C2E2CB0D-D5C0-4551-B22A-2E1C1052CEEE}.Debug|x86.Build.0 = Debug|Win32
		{C2E2CB0D-D5C0-4551-B22A-2E1C1052CEEE}.Release|Any CPU.ActiveCfg = Release|Win32
		{C2E2CB0D-D5C0-4551-B22A-2E1C1052CEEE}.Release|x64.ActiveCfg = Release|x64
		{C2E2CB0D-D5C0-4551-B22A-2E1C1052CEEE}.Release|x64.Build.0 = Release|x64
		{C2E2CB0D-D5C0-4551-B22A-2E1C1052CEEE}.Release|x86.ActiveCfg = Release|Win32
		{C2E2CB0D-D5C0-4551-B22A-2E1C1052CEEE}.Release|x86.Build.0 = Release|Win32
		{173CCB63-D6C9-43B2-A9AA-277DF340306E}.Debug|Any CPU.ActiveCfg = Debug|Win32
		{173CCB63-D6C9-43B2-A9AA-277DF340306E}.Debug|x64.ActiveCfg = Debug|x64
		{173CCB63-D6C9-43B2-A9AA-277DF340306E}.Debug|x64.Build.0 = Debug|x64
		{173CCB63-D6C9-43B2-A9AA-277DF340306E}.Debug|x86.ActiveCfg = Debug|Win32
		{173CCB63-D6C9-43B2-A9AA-277DF340306E}.Debug|x86.Build.0 = Debug|Win32
		{173CCB63-D6C9-43B2-A9AA-277DF340306E}.Release|Any CPU.ActiveCfg = Release|Win32
		{173CCB63-D6C9-43B2-A9AA-277DF340306E}.Release|x64.ActiveCfg = Release|x64
		{173CCB63-D6C9-43B2-A9AA-277DF340306E}.Release|x64.Build.0 = Release|x64
		{173CCB63-D6C9-43B2-A9AA-277DF340306E}.Release|x86.ActiveCfg = Release|Win32
		{173CCB63-D6C9-43B2-A9AA-277DF340306E}.Release|x86.Build.0 = Release|Win32
		{8E09477A-7D08-467C-8279-B0BE0D2CEEA2}.Debug|Any CPU.ActiveCfg = Debug|Any CPU
		{8E09477A-7D08-467C-8279-B0BE0D2CEEA2}.Debug|Any CPU.Build.0 = Debug|Any CPU
		{8E09477A-7D08-467C-8279-B0BE0D2CEEA2}.Debug|x64.ActiveCfg = Debug|Any CPU
		{8E09477A-7D08-467C-8279-B0BE0D2CEEA2}.Debug|x64.Build.0 = Debug|Any CPU
		{8E09477A-7D08-467C-8279-B0BE0D2CEEA2}.Debug|x86.ActiveCfg = Debug|Any CPU
		{8E09477A-7D08-467C-8279-B0BE0D2CEEA2}.Debug|x86.Build.0 = Debug|Any CPU
		{8E09477A-7D08-467C-8279-B0BE0D2CEEA2}.Release|Any CPU.ActiveCfg = Release|Any CPU
		{8E09477A-7D08-467C-8279-B0BE0D2CEEA2}.Release|Any CPU.Build.0 = Release|Any CPU
		{8E09477A-7D08-467C-8279-B0BE0D2CEEA2}.Release|x64.ActiveCfg = Release|Any CPU
		{8E09477A-7D08-467C-8279-B0BE0D2CEEA2}.Release|x64.Build.0 = Release|Any CPU
		{8E09477A-7D08-467C-8279-B0BE0D2CEEA2}.Release|x86.ActiveCfg = Release|Any CPU
		{8E09477A-7D08-467C-8279-B0BE0D2CEEA2}.Release|x86.Build.0 = Release|Any CPU
		{6EDC96C3-94D2-4B05-BE7B-08D21FAA8377}.Debug|Any CPU.ActiveCfg = Debug|Any CPU
		{6EDC96C3-94D2-4B05-BE7B-08D21FAA8377}.Debug|Any CPU.Build.0 = Debug|Any CPU
		{6EDC96C3-94D2-4B05-BE7B-08D21FAA8377}.Debug|x64.ActiveCfg = Debug|Any CPU
		{6EDC96C3-94D2-4B05-BE7B-08D21FAA8377}.Debug|x64.Build.0 = Debug|Any CPU
		{6EDC96C3-94D2-4B05-BE7B-08D21FAA8377}.Debug|x86.ActiveCfg = Debug|Any CPU
		{6EDC96C3-94D2-4B05-BE7B-08D21FAA8377}.Debug|x86.Build.0 = Debug|Any CPU
		{6EDC96C3-94D2-4B05-BE7B-08D21FAA8377}.Release|Any CPU.ActiveCfg = Release|Any CPU
		{6EDC96C3-94D2-4B05-BE7B-08D21FAA8377}.Release|Any CPU.Build.0 = Release|Any CPU
		{6EDC96C3-94D2-4B05-BE7B-08D21FAA8377}.Release|x64.ActiveCfg = Release|Any CPU
		{6EDC96C3-94D2-4B05-BE7B-08D21FAA8377}.Release|x64.Build.0 = Release|Any CPU
		{6EDC96C3-94D2-4B05-BE7B-08D21FAA8377}.Release|x86.ActiveCfg = Release|Any CPU
		{6EDC96C3-94D2-4B05-BE7B-08D21FAA8377}.Release|x86.Build.0 = Release|Any CPU
		{0E0B118E-1815-4CC5-852C-9826199A778F}.Debug|Any CPU.ActiveCfg = Debug|Win32
		{0E0B118E-1815-4CC5-852C-9826199A778F}.Debug|x64.ActiveCfg = Debug|x64
		{0E0B118E-1815-4CC5-852C-9826199A778F}.Debug|x64.Build.0 = Debug|x64
		{0E0B118E-1815-4CC5-852C-9826199A778F}.Debug|x86.ActiveCfg = Debug|Win32
		{0E0B118E-1815-4CC5-852C-9826199A778F}.Debug|x86.Build.0 = Debug|Win32
		{0E0B118E-1815-4CC5-852C-9826199A778F}.Release|Any CPU.ActiveCfg = Release|Win32
		{0E0B118E-1815-4CC5-852C-9826199A778F}.Release|x64.ActiveCfg = Release|x64
		{0E0B118E-1815-4CC5-852C-9826199A778F}.Release|x64.Build.0 = Release|x64
		{0E0B118E-1815-4CC5-852C-9826199A778F}.Release|x86.ActiveCfg = Release|Win32
		{0E0B118E-1815-4CC5-852C-9826199A778F}.Release|x86.Build.0 = Release|Win32
		{22A645A2-E0E9-48FD-8C77-4C6FEAC36BDB}.Debug|Any CPU.ActiveCfg = Debug|Any CPU
		{22A645A2-E0E9-48FD-8C77-4C6FEAC36BDB}.Debug|Any CPU.Build.0 = Debug|Any CPU
		{22A645A2-E0E9-48FD-8C77-4C6FEAC36BDB}.Debug|x64.ActiveCfg = Debug|Any CPU
		{22A645A2-E0E9-48FD-8C77-4C6FEAC36BDB}.Debug|x64.Build.0 = Debug|Any CPU
		{22A645A2-E0E9-48FD-8C77-4C6FEAC36BDB}.Debug|x86.ActiveCfg = Debug|Any CPU
		{22A645A2-E0E9-48FD-8C77-4C6FEAC36BDB}.Debug|x86.Build.0 = Debug|Any CPU
		{22A645A2-E0E9-48FD-8C77-4C6FEAC36BDB}.Release|Any CPU.ActiveCfg = Release|Any CPU
		{22A645A2-E0E9-48FD-8C77-4C6FEAC36BDB}.Release|Any CPU.Build.0 = Release|Any CPU
		{22A645A2-E0E9-48FD-8C77-4C6FEAC36BDB}.Release|x64.ActiveCfg = Release|Any CPU
		{22A645A2-E0E9-48FD-8C77-4C6FEAC36BDB}.Release|x64.Build.0 = Release|Any CPU
		{22A645A2-E0E9-48FD-8C77-4C6FEAC36BDB}.Release|x86.ActiveCfg = Release|Any CPU
		{22A645A2-E0E9-48FD-8C77-4C6FEAC36BDB}.Release|x86.Build.0 = Release|Any CPU
		{9316944A-C9DD-4C43-8A14-009F45B488D8}.Debug|Any CPU.ActiveCfg = Debug|Any CPU
		{9316944A-C9DD-4C43-8A14-009F45B488D8}.Debug|Any CPU.Build.0 = Debug|Any CPU
		{9316944A-C9DD-4C43-8A14-009F45B488D8}.Debug|x64.ActiveCfg = Debug|Any CPU
		{9316944A-C9DD-4C43-8A14-009F45B488D8}.Debug|x64.Build.0 = Debug|Any CPU
		{9316944A-C9DD-4C43-8A14-009F45B488D8}.Debug|x86.ActiveCfg = Debug|Any CPU
		{9316944A-C9DD-4C43-8A14-009F45B488D8}.Debug|x86.Build.0 = Debug|Any CPU
		{9316944A-C9DD-4C43-8A14-009F45B488D8}.Release|Any CPU.ActiveCfg = Release|Any CPU
		{9316944A-C9DD-4C43-8A14-009F45B488D8}.Release|Any CPU.Build.0 = Release|Any CPU
		{9316944A-C9DD-4C43-8A14-009F45B488D8}.Release|x64.ActiveCfg = Release|Any CPU
		{9316944A-C9DD-4C43-8A14-009F45B488D8}.Release|x64.Build.0 = Release|Any CPU
		{9316944A-C9DD-4C43-8A14-009F45B488D8}.Release|x86.ActiveCfg = Release|Any CPU
		{9316944A-C9DD-4C43-8A14-009F45B488D8}.Release|x86.Build.0 = Release|Any CPU
		{E557E93B-A991-4F81-A6F3-00E39E2DDA3A}.Debug|Any CPU.ActiveCfg = Debug|Any CPU
		{E557E93B-A991-4F81-A6F3-00E39E2DDA3A}.Debug|Any CPU.Build.0 = Debug|Any CPU
		{E557E93B-A991-4F81-A6F3-00E39E2DDA3A}.Debug|x64.ActiveCfg = Debug|Any CPU
		{E557E93B-A991-4F81-A6F3-00E39E2DDA3A}.Debug|x64.Build.0 = Debug|Any CPU
		{E557E93B-A991-4F81-A6F3-00E39E2DDA3A}.Debug|x86.ActiveCfg = Debug|Any CPU
		{E557E93B-A991-4F81-A6F3-00E39E2DDA3A}.Debug|x86.Build.0 = Debug|Any CPU
		{E557E93B-A991-4F81-A6F3-00E39E2DDA3A}.Release|Any CPU.ActiveCfg = Release|Any CPU
		{E557E93B-A991-4F81-A6F3-00E39E2DDA3A}.Release|Any CPU.Build.0 = Release|Any CPU
		{E557E93B-A991-4F81-A6F3-00E39E2DDA3A}.Release|x64.ActiveCfg = Release|Any CPU
		{E557E93B-A991-4F81-A6F3-00E39E2DDA3A}.Release|x64.Build.0 = Release|Any CPU
		{E557E93B-A991-4F81-A6F3-00E39E2DDA3A}.Release|x86.ActiveCfg = Release|Any CPU
		{E557E93B-A991-4F81-A6F3-00E39E2DDA3A}.Release|x86.Build.0 = Release|Any CPU
		{6F8D4340-035E-43EA-A624-91E0752EC451}.Debug|Any CPU.ActiveCfg = Debug|Any CPU
		{6F8D4340-035E-43EA-A624-91E0752EC451}.Debug|Any CPU.Build.0 = Debug|Any CPU
		{6F8D4340-035E-43EA-A624-91E0752EC451}.Debug|x64.ActiveCfg = Debug|Any CPU
		{6F8D4340-035E-43EA-A624-91E0752EC451}.Debug|x64.Build.0 = Debug|Any CPU
		{6F8D4340-035E-43EA-A624-91E0752EC451}.Debug|x86.ActiveCfg = Debug|Any CPU
		{6F8D4340-035E-43EA-A624-91E0752EC451}.Debug|x86.Build.0 = Debug|Any CPU
		{6F8D4340-035E-43EA-A624-91E0752EC451}.Release|Any CPU.ActiveCfg = Release|Any CPU
		{6F8D4340-035E-43EA-A624-91E0752EC451}.Release|Any CPU.Build.0 = Release|Any CPU
		{6F8D4340-035E-43EA-A624-91E0752EC451}.Release|x64.ActiveCfg = Release|Any CPU
		{6F8D4340-035E-43EA-A624-91E0752EC451}.Release|x64.Build.0 = Release|Any CPU
		{6F8D4340-035E-43EA-A624-91E0752EC451}.Release|x86.ActiveCfg = Release|Any CPU
		{6F8D4340-035E-43EA-A624-91E0752EC451}.Release|x86.Build.0 = Release|Any CPU
		{18057536-C0AF-4169-9E7C-0A4CCDD220BA}.Debug|Any CPU.ActiveCfg = Debug|Any CPU
		{18057536-C0AF-4169-9E7C-0A4CCDD220BA}.Debug|Any CPU.Build.0 = Debug|Any CPU
		{18057536-C0AF-4169-9E7C-0A4CCDD220BA}.Debug|x64.ActiveCfg = Debug|Any CPU
		{18057536-C0AF-4169-9E7C-0A4CCDD220BA}.Debug|x64.Build.0 = Debug|Any CPU
		{18057536-C0AF-4169-9E7C-0A4CCDD220BA}.Debug|x86.ActiveCfg = Debug|Any CPU
		{18057536-C0AF-4169-9E7C-0A4CCDD220BA}.Debug|x86.Build.0 = Debug|Any CPU
		{18057536-C0AF-4169-9E7C-0A4CCDD220BA}.Release|Any CPU.ActiveCfg = Release|Any CPU
		{18057536-C0AF-4169-9E7C-0A4CCDD220BA}.Release|Any CPU.Build.0 = Release|Any CPU
		{18057536-C0AF-4169-9E7C-0A4CCDD220BA}.Release|x64.ActiveCfg = Release|Any CPU
		{18057536-C0AF-4169-9E7C-0A4CCDD220BA}.Release|x64.Build.0 = Release|Any CPU
		{18057536-C0AF-4169-9E7C-0A4CCDD220BA}.Release|x86.ActiveCfg = Release|Any CPU
		{18057536-C0AF-4169-9E7C-0A4CCDD220BA}.Release|x86.Build.0 = Release|Any CPU
		{17391CE9-A8D2-429F-B6F0-0383B242FC98}.Debug|Any CPU.ActiveCfg = Debug|Any CPU
		{17391CE9-A8D2-429F-B6F0-0383B242FC98}.Debug|Any CPU.Build.0 = Debug|Any CPU
		{17391CE9-A8D2-429F-B6F0-0383B242FC98}.Debug|x64.ActiveCfg = Debug|Any CPU
		{17391CE9-A8D2-429F-B6F0-0383B242FC98}.Debug|x64.Build.0 = Debug|Any CPU
		{17391CE9-A8D2-429F-B6F0-0383B242FC98}.Debug|x86.ActiveCfg = Debug|Any CPU
		{17391CE9-A8D2-429F-B6F0-0383B242FC98}.Debug|x86.Build.0 = Debug|Any CPU
		{17391CE9-A8D2-429F-B6F0-0383B242FC98}.Release|Any CPU.ActiveCfg = Release|Any CPU
		{17391CE9-A8D2-429F-B6F0-0383B242FC98}.Release|Any CPU.Build.0 = Release|Any CPU
		{17391CE9-A8D2-429F-B6F0-0383B242FC98}.Release|x64.ActiveCfg = Release|Any CPU
		{17391CE9-A8D2-429F-B6F0-0383B242FC98}.Release|x64.Build.0 = Release|Any CPU
		{17391CE9-A8D2-429F-B6F0-0383B242FC98}.Release|x86.ActiveCfg = Release|Any CPU
		{17391CE9-A8D2-429F-B6F0-0383B242FC98}.Release|x86.Build.0 = Release|Any CPU
	EndGlobalSection
	GlobalSection(SolutionProperties) = preSolution
		HideSolutionNode = FALSE
	EndGlobalSection
	GlobalSection(ExtensibilityGlobals) = postSolution
		SolutionGuid = {E1BF2F41-B1F2-4C8F-A99D-0F83389E5B94}
	EndGlobalSection
EndGlobal
